{
  "name": "npm-audit-plus",
  "version": "0.1.4",
  "lockfileVersion": 1,
  "requires": true,
  "dependencies": {
    "commander": {
      "version": "2.20.0",
      "resolved": "https://registry.npmjs.org/commander/-/commander-2.20.0.tgz",
      "integrity": "sha512-7j2y+40w61zy6YC2iRNpUe/NwhNyoXrYpHMrSunaMG64nRnaf96zO/KMQR4OyN/UnE5KLyEBnKHd4aG3rskjpQ=="
    },
    "word-wrap": {
      "version": "1.2.3",
      "resolved": "https://registry.npmjs.org/word-wrap/-/word-wrap-1.2.3.tgz",
      "integrity": "sha512-Hz/mrNwitNRh/HUAtM/VT/5VH+ygD6DV7mYKZAtHOrbs8U7lvPS6xf7EJKMF0uW1KJCl0H701g3ZGus+muE5vQ=="
    },
    "xmlbuilder": {
      "version": "12.0.0",
      "resolved": "https://registry.npmjs.org/xmlbuilder/-/xmlbuilder-12.0.0.tgz",
      "integrity": "sha512-lMo8DJ8u6JRWp0/Y4XLa/atVDr75H9litKlb2E5j3V3MesoL50EBgZDWoLT3F/LztVnG67GjPXLZpqcky/UMnQ=="
    }
  }
}
