{
  "name": "npm-audit-plus",
  "version": "0.2.0",
  "lockfileVersion": 2,
  "requires": true,
  "packages": {
    "": {
      "name": "npm-audit-plus",
      "version": "0.2.0",
      "license": "AGPL-3.0-only",
      "dependencies": {
        "commander": "^2.20.0",
        "word-wrap": "^1.2.3",
        "xmlbuilder": "^12.0.0"
      },
      "bin": {
        "npm-audit-plus": "src/cli.js"
      }
    },
    "node_modules/commander": {
      "version": "2.20.0",
      "resolved": "https://registry.npmjs.org/commander/-/commander-2.20.0.tgz",
      "integrity": "sha512-7j2y+40w61zy6YC2iRNpUe/NwhNyoXrYpHMrSunaMG64nRnaf96zO/KMQR4OyN/UnE5KLyEBnKHd4aG3rskjpQ=="
    },
    "node_modules/word-wrap": {
      "version": "1.2.3",
      "resolved": "https://registry.npmjs.org/word-wrap/-/word-wrap-1.2.3.tgz",
      "integrity": "sha512-Hz/mrNwitNRh/HUAtM/VT/5VH+ygD6DV7mYKZAtHOrbs8U7lvPS6xf7EJKMF0uW1KJCl0H701g3ZGus+muE5vQ==",
      "engines": {
        "node": ">=0.10.0"
      }
    },
    "node_modules/xmlbuilder": {
      "version": "12.0.0",
      "resolved": "https://registry.npmjs.org/xmlbuilder/-/xmlbuilder-12.0.0.tgz",
      "integrity": "sha512-lMo8DJ8u6JRWp0/Y4XLa/atVDr75H9litKlb2E5j3V3MesoL50EBgZDWoLT3F/LztVnG67GjPXLZpqcky/UMnQ==",
      "engines": {
        "node": ">=6.0"
      }
    }
  },
  "dependencies": {
    "commander": {
      "version": "2.20.0",
      "resolved": "https://registry.npmjs.org/commander/-/commander-2.20.0.tgz",
      "integrity": "sha512-7j2y+40w61zy6YC2iRNpUe/NwhNyoXrYpHMrSunaMG64nRnaf96zO/KMQR4OyN/UnE5KLyEBnKHd4aG3rskjpQ=="
    },
    "word-wrap": {
      "version": "1.2.3",
      "resolved": "https://registry.npmjs.org/word-wrap/-/word-wrap-1.2.3.tgz",
      "integrity": "sha512-Hz/mrNwitNRh/HUAtM/VT/5VH+ygD6DV7mYKZAtHOrbs8U7lvPS6xf7EJKMF0uW1KJCl0H701g3ZGus+muE5vQ=="
    },
    "xmlbuilder": {
      "version": "12.0.0",
      "resolved": "https://registry.npmjs.org/xmlbuilder/-/xmlbuilder-12.0.0.tgz",
      "integrity": "sha512-lMo8DJ8u6JRWp0/Y4XLa/atVDr75H9litKlb2E5j3V3MesoL50EBgZDWoLT3F/LztVnG67GjPXLZpqcky/UMnQ=="
    }
  }
}
